
Microsoft Visual Studio Solution File, Format Version 12.00
# Visual Studio 14
VisualStudioVersion = 14.0.25420.1
MinimumVisualStudioVersion = 10.0.40219.1
Project("{FAE04EC0-301F-11D3-BF4B-00C04F79EFBC}") = "DataFusion", "DataImport\DataFusion\DataFusion.csproj", "{B290C84D-50D7-4CD9-9A2E-E67DE804EB9B}"
EndProject
Project("{FAE04EC0-301F-11D3-BF4B-00C04F79EFBC}") = "Core", "Core\Core.csproj", "{6220CEB3-89C5-422B-AF10-A9AB22C3C04F}"
EndProject
Project("{FAE04EC0-301F-11D3-BF4B-00C04F79EFBC}") = "FactBookToCSV", "DataImport\FactBookToCSV\FactBookToCSV.csproj", "{3A96B61A-DC69-41CD-8394-A3BB3F3C575A}"
EndProject
Project("{FAE04EC0-301F-11D3-BF4B-00C04F79EFBC}") = "RunOneNode", "RunOneNode\RunOneNode.csproj", "{F7A07DD4-973F-4D9F-88FF-D0D0400544CF}"
EndProject
Project("{2150E333-8FDC-42A3-9474-1A3956D46DE8}") = "Data", "Data", "{F87099A3-9FA4-4AC4-B544-E7642C7AB666}"
EndProject
Project("{FAE04EC0-301F-11D3-BF4B-00C04F79EFBC}") = "InitialGraphical", "InitialGraphical\InitialGraphical.csproj", "{1CB6D7CF-46CC-46D4-A739-BE6C11A47EC0}"
EndProject
Project("{2150E333-8FDC-42A3-9474-1A3956D46DE8}") = "Data Import", "Data Import", "{EE5E389C-3F64-443C-A42D-BFA8D4752551}"
EndProject
Project("{FAE04EC0-301F-11D3-BF4B-00C04F79EFBC}") = "Core.Graphical", "Core.Graphical\Core.Graphical.csproj", "{8DF7B8B1-B27D-45BB-A765-23D0649D669D}"
EndProject
Project("{FAE04EC0-301F-11D3-BF4B-00C04F79EFBC}") = "Epidemic", "Epidemic\Epidemic.csproj", "{6574AD54-A62E-43DA-BD2B-792D7544EB37}"
EndProject
Project("{FAE04EC0-301F-11D3-BF4B-00C04F79EFBC}") = "DockingTestBed", "DockingTestBed\DockingTestBed.csproj", "{F56C3FD0-1F6C-4575-9A1C-977E3C3D4FDC}"
EndProject
Project("{2150E333-8FDC-42A3-9474-1A3956D46DE8}") = "Scratchpad", "Scratchpad", "{59EFEB19-63D4-4DE5-82EA-47D718A98492}"
EndProject
Project("{FAE04EC0-301F-11D3-BF4B-00C04F79EFBC}") = "SDNodeModelGeneration", "SDNodeModelGeneration\SDNodeModelGeneration.csproj", "{C2A269DB-68B8-45F5-900B-8BE9FDBC62EB}"
EndProject
Global
	GlobalSection(SolutionConfigurationPlatforms) = preSolution
		Debug|Any CPU = Debug|Any CPU
		Debug|ARM = Debug|ARM
		Debug|x64 = Debug|x64
		Debug|x86 = Debug|x86
		Release|Any CPU = Release|Any CPU
		Release|ARM = Release|ARM
		Release|x64 = Release|x64
		Release|x86 = Release|x86
		v4.0-Debug|Any CPU = v4.0-Debug|Any CPU
		v4.0-Debug|ARM = v4.0-Debug|ARM
		v4.0-Debug|x64 = v4.0-Debug|x64
		v4.0-Debug|x86 = v4.0-Debug|x86
		v4.0-Release|Any CPU = v4.0-Release|Any CPU
		v4.0-Release|ARM = v4.0-Release|ARM
		v4.0-Release|x64 = v4.0-Release|x64
		v4.0-Release|x86 = v4.0-Release|x86
	EndGlobalSection
	GlobalSection(ProjectConfigurationPlatforms) = postSolution
		{B290C84D-50D7-4CD9-9A2E-E67DE804EB9B}.Debug|Any CPU.ActiveCfg = Debug|Any CPU
		{B290C84D-50D7-4CD9-9A2E-E67DE804EB9B}.Debug|Any CPU.Build.0 = Debug|Any CPU
		{B290C84D-50D7-4CD9-9A2E-E67DE804EB9B}.Debug|ARM.ActiveCfg = Debug|Any CPU
		{B290C84D-50D7-4CD9-9A2E-E67DE804EB9B}.Debug|ARM.Build.0 = Debug|Any CPU
		{B290C84D-50D7-4CD9-9A2E-E67DE804EB9B}.Debug|x64.ActiveCfg = Release|x64
		{B290C84D-50D7-4CD9-9A2E-E67DE804EB9B}.Debug|x64.Build.0 = Release|x64
		{B290C84D-50D7-4CD9-9A2E-E67DE804EB9B}.Debug|x86.ActiveCfg = Debug|Any CPU
		{B290C84D-50D7-4CD9-9A2E-E67DE804EB9B}.Debug|x86.Build.0 = Debug|Any CPU
		{B290C84D-50D7-4CD9-9A2E-E67DE804EB9B}.Release|Any CPU.ActiveCfg = Release|Any CPU
		{B290C84D-50D7-4CD9-9A2E-E67DE804EB9B}.Release|Any CPU.Build.0 = Release|Any CPU
		{B290C84D-50D7-4CD9-9A2E-E67DE804EB9B}.Release|ARM.ActiveCfg = Release|Any CPU
		{B290C84D-50D7-4CD9-9A2E-E67DE804EB9B}.Release|ARM.Build.0 = Release|Any CPU
		{B290C84D-50D7-4CD9-9A2E-E67DE804EB9B}.Release|x64.ActiveCfg = Release|x64
		{B290C84D-50D7-4CD9-9A2E-E67DE804EB9B}.Release|x64.Build.0 = Release|x64
		{B290C84D-50D7-4CD9-9A2E-E67DE804EB9B}.Release|x86.ActiveCfg = Release|Any CPU
		{B290C84D-50D7-4CD9-9A2E-E67DE804EB9B}.Release|x86.Build.0 = Release|Any CPU
		{B290C84D-50D7-4CD9-9A2E-E67DE804EB9B}.v4.0-Debug|Any CPU.ActiveCfg = Debug|Any CPU
		{B290C84D-50D7-4CD9-9A2E-E67DE804EB9B}.v4.0-Debug|Any CPU.Build.0 = Debug|Any CPU
		{B290C84D-50D7-4CD9-9A2E-E67DE804EB9B}.v4.0-Debug|ARM.ActiveCfg = Debug|Any CPU
		{B290C84D-50D7-4CD9-9A2E-E67DE804EB9B}.v4.0-Debug|ARM.Build.0 = Debug|Any CPU
		{B290C84D-50D7-4CD9-9A2E-E67DE804EB9B}.v4.0-Debug|x64.ActiveCfg = Debug|x64
		{B290C84D-50D7-4CD9-9A2E-E67DE804EB9B}.v4.0-Debug|x64.Build.0 = Debug|x64
		{B290C84D-50D7-4CD9-9A2E-E67DE804EB9B}.v4.0-Debug|x86.ActiveCfg = Debug|Any CPU
		{B290C84D-50D7-4CD9-9A2E-E67DE804EB9B}.v4.0-Debug|x86.Build.0 = Debug|Any CPU
		{B290C84D-50D7-4CD9-9A2E-E67DE804EB9B}.v4.0-Release|Any CPU.ActiveCfg = Release|Any CPU
		{B290C84D-50D7-4CD9-9A2E-E67DE804EB9B}.v4.0-Release|Any CPU.Build.0 = Release|Any CPU
		{B290C84D-50D7-4CD9-9A2E-E67DE804EB9B}.v4.0-Release|ARM.ActiveCfg = Release|Any CPU
		{B290C84D-50D7-4CD9-9A2E-E67DE804EB9B}.v4.0-Release|ARM.Build.0 = Release|Any CPU
		{B290C84D-50D7-4CD9-9A2E-E67DE804EB9B}.v4.0-Release|x64.ActiveCfg = Release|x64
		{B290C84D-50D7-4CD9-9A2E-E67DE804EB9B}.v4.0-Release|x64.Build.0 = Release|x64
		{B290C84D-50D7-4CD9-9A2E-E67DE804EB9B}.v4.0-Release|x86.ActiveCfg = Release|Any CPU
		{B290C84D-50D7-4CD9-9A2E-E67DE804EB9B}.v4.0-Release|x86.Build.0 = Release|Any CPU
		{6220CEB3-89C5-422B-AF10-A9AB22C3C04F}.Debug|Any CPU.ActiveCfg = Debug|Any CPU
		{6220CEB3-89C5-422B-AF10-A9AB22C3C04F}.Debug|Any CPU.Build.0 = Debug|Any CPU
		{6220CEB3-89C5-422B-AF10-A9AB22C3C04F}.Debug|ARM.ActiveCfg = Debug|Any CPU
		{6220CEB3-89C5-422B-AF10-A9AB22C3C04F}.Debug|ARM.Build.0 = Debug|Any CPU
		{6220CEB3-89C5-422B-AF10-A9AB22C3C04F}.Debug|x64.ActiveCfg = Debug|Any CPU
		{6220CEB3-89C5-422B-AF10-A9AB22C3C04F}.Debug|x64.Build.0 = Debug|Any CPU
		{6220CEB3-89C5-422B-AF10-A9AB22C3C04F}.Debug|x86.ActiveCfg = Debug|Any CPU
		{6220CEB3-89C5-422B-AF10-A9AB22C3C04F}.Debug|x86.Build.0 = Debug|Any CPU
		{6220CEB3-89C5-422B-AF10-A9AB22C3C04F}.Release|Any CPU.ActiveCfg = Release|Any CPU
		{6220CEB3-89C5-422B-AF10-A9AB22C3C04F}.Release|Any CPU.Build.0 = Release|Any CPU
		{6220CEB3-89C5-422B-AF10-A9AB22C3C04F}.Release|ARM.ActiveCfg = Release|Any CPU
		{6220CEB3-89C5-422B-AF10-A9AB22C3C04F}.Release|ARM.Build.0 = Release|Any CPU
		{6220CEB3-89C5-422B-AF10-A9AB22C3C04F}.Release|x64.ActiveCfg = Release|Any CPU
		{6220CEB3-89C5-422B-AF10-A9AB22C3C04F}.Release|x64.Build.0 = Release|Any CPU
		{6220CEB3-89C5-422B-AF10-A9AB22C3C04F}.Release|x86.ActiveCfg = Release|Any CPU
		{6220CEB3-89C5-422B-AF10-A9AB22C3C04F}.Release|x86.Build.0 = Release|Any CPU
		{6220CEB3-89C5-422B-AF10-A9AB22C3C04F}.v4.0-Debug|Any CPU.ActiveCfg = Debug|Any CPU
		{6220CEB3-89C5-422B-AF10-A9AB22C3C04F}.v4.0-Debug|Any CPU.Build.0 = Debug|Any CPU
		{6220CEB3-89C5-422B-AF10-A9AB22C3C04F}.v4.0-Debug|ARM.ActiveCfg = Debug|Any CPU
		{6220CEB3-89C5-422B-AF10-A9AB22C3C04F}.v4.0-Debug|ARM.Build.0 = Debug|Any CPU
		{6220CEB3-89C5-422B-AF10-A9AB22C3C04F}.v4.0-Debug|x64.ActiveCfg = Debug|Any CPU
		{6220CEB3-89C5-422B-AF10-A9AB22C3C04F}.v4.0-Debug|x64.Build.0 = Debug|Any CPU
		{6220CEB3-89C5-422B-AF10-A9AB22C3C04F}.v4.0-Debug|x86.ActiveCfg = Debug|Any CPU
		{6220CEB3-89C5-422B-AF10-A9AB22C3C04F}.v4.0-Debug|x86.Build.0 = Debug|Any CPU
		{6220CEB3-89C5-422B-AF10-A9AB22C3C04F}.v4.0-Release|Any CPU.ActiveCfg = Release|Any CPU
		{6220CEB3-89C5-422B-AF10-A9AB22C3C04F}.v4.0-Release|Any CPU.Build.0 = Release|Any CPU
		{6220CEB3-89C5-422B-AF10-A9AB22C3C04F}.v4.0-Release|ARM.ActiveCfg = Release|Any CPU
		{6220CEB3-89C5-422B-AF10-A9AB22C3C04F}.v4.0-Release|ARM.Build.0 = Release|Any CPU
		{6220CEB3-89C5-422B-AF10-A9AB22C3C04F}.v4.0-Release|x64.ActiveCfg = Release|Any CPU
		{6220CEB3-89C5-422B-AF10-A9AB22C3C04F}.v4.0-Release|x64.Build.0 = Release|Any CPU
		{6220CEB3-89C5-422B-AF10-A9AB22C3C04F}.v4.0-Release|x86.ActiveCfg = Release|Any CPU
		{6220CEB3-89C5-422B-AF10-A9AB22C3C04F}.v4.0-Release|x86.Build.0 = Release|Any CPU
		{3A96B61A-DC69-41CD-8394-A3BB3F3C575A}.Debug|Any CPU.ActiveCfg = Debug|Any CPU
		{3A96B61A-DC69-41CD-8394-A3BB3F3C575A}.Debug|Any CPU.Build.0 = Debug|Any CPU
		{3A96B61A-DC69-41CD-8394-A3BB3F3C575A}.Debug|ARM.ActiveCfg = Debug|Any CPU
		{3A96B61A-DC69-41CD-8394-A3BB3F3C575A}.Debug|ARM.Build.0 = Debug|Any CPU
		{3A96B61A-DC69-41CD-8394-A3BB3F3C575A}.Debug|x64.ActiveCfg = Debug|Any CPU
		{3A96B61A-DC69-41CD-8394-A3BB3F3C575A}.Debug|x64.Build.0 = Debug|Any CPU
		{3A96B61A-DC69-41CD-8394-A3BB3F3C575A}.Debug|x86.ActiveCfg = Debug|Any CPU
		{3A96B61A-DC69-41CD-8394-A3BB3F3C575A}.Debug|x86.Build.0 = Debug|Any CPU
		{3A96B61A-DC69-41CD-8394-A3BB3F3C575A}.Release|Any CPU.ActiveCfg = Release|Any CPU
		{3A96B61A-DC69-41CD-8394-A3BB3F3C575A}.Release|Any CPU.Build.0 = Release|Any CPU
		{3A96B61A-DC69-41CD-8394-A3BB3F3C575A}.Release|ARM.ActiveCfg = Release|Any CPU
		{3A96B61A-DC69-41CD-8394-A3BB3F3C575A}.Release|ARM.Build.0 = Release|Any CPU
		{3A96B61A-DC69-41CD-8394-A3BB3F3C575A}.Release|x64.ActiveCfg = Release|Any CPU
		{3A96B61A-DC69-41CD-8394-A3BB3F3C575A}.Release|x64.Build.0 = Release|Any CPU
		{3A96B61A-DC69-41CD-8394-A3BB3F3C575A}.Release|x86.ActiveCfg = Release|Any CPU
		{3A96B61A-DC69-41CD-8394-A3BB3F3C575A}.Release|x86.Build.0 = Release|Any CPU
		{3A96B61A-DC69-41CD-8394-A3BB3F3C575A}.v4.0-Debug|Any CPU.ActiveCfg = Debug|Any CPU
		{3A96B61A-DC69-41CD-8394-A3BB3F3C575A}.v4.0-Debug|Any CPU.Build.0 = Debug|Any CPU
		{3A96B61A-DC69-41CD-8394-A3BB3F3C575A}.v4.0-Debug|ARM.ActiveCfg = Debug|Any CPU
		{3A96B61A-DC69-41CD-8394-A3BB3F3C575A}.v4.0-Debug|ARM.Build.0 = Debug|Any CPU
		{3A96B61A-DC69-41CD-8394-A3BB3F3C575A}.v4.0-Debug|x64.ActiveCfg = Debug|Any CPU
		{3A96B61A-DC69-41CD-8394-A3BB3F3C575A}.v4.0-Debug|x64.Build.0 = Debug|Any CPU
		{3A96B61A-DC69-41CD-8394-A3BB3F3C575A}.v4.0-Debug|x86.ActiveCfg = Debug|Any CPU
		{3A96B61A-DC69-41CD-8394-A3BB3F3C575A}.v4.0-Debug|x86.Build.0 = Debug|Any CPU
		{3A96B61A-DC69-41CD-8394-A3BB3F3C575A}.v4.0-Release|Any CPU.ActiveCfg = Release|Any CPU
		{3A96B61A-DC69-41CD-8394-A3BB3F3C575A}.v4.0-Release|Any CPU.Build.0 = Release|Any CPU
		{3A96B61A-DC69-41CD-8394-A3BB3F3C575A}.v4.0-Release|ARM.ActiveCfg = Release|Any CPU
		{3A96B61A-DC69-41CD-8394-A3BB3F3C575A}.v4.0-Release|ARM.Build.0 = Release|Any CPU
		{3A96B61A-DC69-41CD-8394-A3BB3F3C575A}.v4.0-Release|x64.ActiveCfg = Release|Any CPU
		{3A96B61A-DC69-41CD-8394-A3BB3F3C575A}.v4.0-Release|x64.Build.0 = Release|Any CPU
		{3A96B61A-DC69-41CD-8394-A3BB3F3C575A}.v4.0-Release|x86.ActiveCfg = Release|Any CPU
		{3A96B61A-DC69-41CD-8394-A3BB3F3C575A}.v4.0-Release|x86.Build.0 = Release|Any CPU
		{F7A07DD4-973F-4D9F-88FF-D0D0400544CF}.Debug|Any CPU.ActiveCfg = Debug|Any CPU
		{F7A07DD4-973F-4D9F-88FF-D0D0400544CF}.Debug|Any CPU.Build.0 = Debug|Any CPU
		{F7A07DD4-973F-4D9F-88FF-D0D0400544CF}.Debug|ARM.ActiveCfg = Debug|Any CPU
		{F7A07DD4-973F-4D9F-88FF-D0D0400544CF}.Debug|ARM.Build.0 = Debug|Any CPU
		{F7A07DD4-973F-4D9F-88FF-D0D0400544CF}.Debug|x64.ActiveCfg = Debug|Any CPU
		{F7A07DD4-973F-4D9F-88FF-D0D0400544CF}.Debug|x64.Build.0 = Debug|Any CPU
		{F7A07DD4-973F-4D9F-88FF-D0D0400544CF}.Debug|x86.ActiveCfg = Debug|Any CPU
		{F7A07DD4-973F-4D9F-88FF-D0D0400544CF}.Debug|x86.Build.0 = Debug|Any CPU
		{F7A07DD4-973F-4D9F-88FF-D0D0400544CF}.Release|Any CPU.ActiveCfg = Release|Any CPU
		{F7A07DD4-973F-4D9F-88FF-D0D0400544CF}.Release|Any CPU.Build.0 = Release|Any CPU
		{F7A07DD4-973F-4D9F-88FF-D0D0400544CF}.Release|ARM.ActiveCfg = Release|Any CPU
		{F7A07DD4-973F-4D9F-88FF-D0D0400544CF}.Release|ARM.Build.0 = Release|Any CPU
		{F7A07DD4-973F-4D9F-88FF-D0D0400544CF}.Release|x64.ActiveCfg = Release|Any CPU
		{F7A07DD4-973F-4D9F-88FF-D0D0400544CF}.Release|x64.Build.0 = Release|Any CPU
		{F7A07DD4-973F-4D9F-88FF-D0D0400544CF}.Release|x86.ActiveCfg = Release|Any CPU
		{F7A07DD4-973F-4D9F-88FF-D0D0400544CF}.Release|x86.Build.0 = Release|Any CPU
		{F7A07DD4-973F-4D9F-88FF-D0D0400544CF}.v4.0-Debug|Any CPU.ActiveCfg = Debug|Any CPU
		{F7A07DD4-973F-4D9F-88FF-D0D0400544CF}.v4.0-Debug|Any CPU.Build.0 = Debug|Any CPU
		{F7A07DD4-973F-4D9F-88FF-D0D0400544CF}.v4.0-Debug|ARM.ActiveCfg = Debug|Any CPU
		{F7A07DD4-973F-4D9F-88FF-D0D0400544CF}.v4.0-Debug|ARM.Build.0 = Debug|Any CPU
		{F7A07DD4-973F-4D9F-88FF-D0D0400544CF}.v4.0-Debug|x64.ActiveCfg = Debug|Any CPU
		{F7A07DD4-973F-4D9F-88FF-D0D0400544CF}.v4.0-Debug|x64.Build.0 = Debug|Any CPU
		{F7A07DD4-973F-4D9F-88FF-D0D0400544CF}.v4.0-Debug|x86.ActiveCfg = Debug|Any CPU
		{F7A07DD4-973F-4D9F-88FF-D0D0400544CF}.v4.0-Debug|x86.Build.0 = Debug|Any CPU
		{F7A07DD4-973F-4D9F-88FF-D0D0400544CF}.v4.0-Release|Any CPU.ActiveCfg = Release|Any CPU
		{F7A07DD4-973F-4D9F-88FF-D0D0400544CF}.v4.0-Release|Any CPU.Build.0 = Release|Any CPU
		{F7A07DD4-973F-4D9F-88FF-D0D0400544CF}.v4.0-Release|ARM.ActiveCfg = Release|Any CPU
		{F7A07DD4-973F-4D9F-88FF-D0D0400544CF}.v4.0-Release|ARM.Build.0 = Release|Any CPU
		{F7A07DD4-973F-4D9F-88FF-D0D0400544CF}.v4.0-Release|x64.ActiveCfg = Release|Any CPU
		{F7A07DD4-973F-4D9F-88FF-D0D0400544CF}.v4.0-Release|x64.Build.0 = Release|Any CPU
		{F7A07DD4-973F-4D9F-88FF-D0D0400544CF}.v4.0-Release|x86.ActiveCfg = Release|Any CPU
		{F7A07DD4-973F-4D9F-88FF-D0D0400544CF}.v4.0-Release|x86.Build.0 = Release|Any CPU
		{1CB6D7CF-46CC-46D4-A739-BE6C11A47EC0}.Debug|Any CPU.ActiveCfg = Debug|Any CPU
		{1CB6D7CF-46CC-46D4-A739-BE6C11A47EC0}.Debug|Any CPU.Build.0 = Debug|Any CPU
		{1CB6D7CF-46CC-46D4-A739-BE6C11A47EC0}.Debug|ARM.ActiveCfg = Debug|Any CPU
		{1CB6D7CF-46CC-46D4-A739-BE6C11A47EC0}.Debug|ARM.Build.0 = Debug|Any CPU
		{1CB6D7CF-46CC-46D4-A739-BE6C11A47EC0}.Debug|x64.ActiveCfg = Debug|x64
		{1CB6D7CF-46CC-46D4-A739-BE6C11A47EC0}.Debug|x64.Build.0 = Debug|x64
		{1CB6D7CF-46CC-46D4-A739-BE6C11A47EC0}.Debug|x86.ActiveCfg = Debug|Any CPU
		{1CB6D7CF-46CC-46D4-A739-BE6C11A47EC0}.Debug|x86.Build.0 = Debug|Any CPU
		{1CB6D7CF-46CC-46D4-A739-BE6C11A47EC0}.Release|Any CPU.ActiveCfg = Release|Any CPU
		{1CB6D7CF-46CC-46D4-A739-BE6C11A47EC0}.Release|Any CPU.Build.0 = Release|Any CPU
		{1CB6D7CF-46CC-46D4-A739-BE6C11A47EC0}.Release|ARM.ActiveCfg = Release|Any CPU
		{1CB6D7CF-46CC-46D4-A739-BE6C11A47EC0}.Release|ARM.Build.0 = Release|Any CPU
		{1CB6D7CF-46CC-46D4-A739-BE6C11A47EC0}.Release|x64.ActiveCfg = Release|x64
		{1CB6D7CF-46CC-46D4-A739-BE6C11A47EC0}.Release|x64.Build.0 = Release|x64
		{1CB6D7CF-46CC-46D4-A739-BE6C11A47EC0}.Release|x86.ActiveCfg = Release|Any CPU
		{1CB6D7CF-46CC-46D4-A739-BE6C11A47EC0}.Release|x86.Build.0 = Release|Any CPU
		{1CB6D7CF-46CC-46D4-A739-BE6C11A47EC0}.v4.0-Debug|Any CPU.ActiveCfg = Debug|Any CPU
		{1CB6D7CF-46CC-46D4-A739-BE6C11A47EC0}.v4.0-Debug|Any CPU.Build.0 = Debug|Any CPU
		{1CB6D7CF-46CC-46D4-A739-BE6C11A47EC0}.v4.0-Debug|ARM.ActiveCfg = Debug|Any CPU
		{1CB6D7CF-46CC-46D4-A739-BE6C11A47EC0}.v4.0-Debug|ARM.Build.0 = Debug|Any CPU
		{1CB6D7CF-46CC-46D4-A739-BE6C11A47EC0}.v4.0-Debug|x64.ActiveCfg = Debug|x64
		{1CB6D7CF-46CC-46D4-A739-BE6C11A47EC0}.v4.0-Debug|x64.Build.0 = Debug|x64
		{1CB6D7CF-46CC-46D4-A739-BE6C11A47EC0}.v4.0-Debug|x86.ActiveCfg = Debug|Any CPU
		{1CB6D7CF-46CC-46D4-A739-BE6C11A47EC0}.v4.0-Debug|x86.Build.0 = Debug|Any CPU
		{1CB6D7CF-46CC-46D4-A739-BE6C11A47EC0}.v4.0-Release|Any CPU.ActiveCfg = Release|Any CPU
		{1CB6D7CF-46CC-46D4-A739-BE6C11A47EC0}.v4.0-Release|Any CPU.Build.0 = Release|Any CPU
		{1CB6D7CF-46CC-46D4-A739-BE6C11A47EC0}.v4.0-Release|ARM.ActiveCfg = Release|Any CPU
		{1CB6D7CF-46CC-46D4-A739-BE6C11A47EC0}.v4.0-Release|ARM.Build.0 = Release|Any CPU
		{1CB6D7CF-46CC-46D4-A739-BE6C11A47EC0}.v4.0-Release|x64.ActiveCfg = Release|x64
		{1CB6D7CF-46CC-46D4-A739-BE6C11A47EC0}.v4.0-Release|x64.Build.0 = Release|x64
		{1CB6D7CF-46CC-46D4-A739-BE6C11A47EC0}.v4.0-Release|x86.ActiveCfg = Release|Any CPU
		{1CB6D7CF-46CC-46D4-A739-BE6C11A47EC0}.v4.0-Release|x86.Build.0 = Release|Any CPU
		{8DF7B8B1-B27D-45BB-A765-23D0649D669D}.Debug|Any CPU.ActiveCfg = Debug|Any CPU
		{8DF7B8B1-B27D-45BB-A765-23D0649D669D}.Debug|Any CPU.Build.0 = Debug|Any CPU
		{8DF7B8B1-B27D-45BB-A765-23D0649D669D}.Debug|ARM.ActiveCfg = Debug|Any CPU
		{8DF7B8B1-B27D-45BB-A765-23D0649D669D}.Debug|ARM.Build.0 = Debug|Any CPU
		{8DF7B8B1-B27D-45BB-A765-23D0649D669D}.Debug|x64.ActiveCfg = Debug|Any CPU
		{8DF7B8B1-B27D-45BB-A765-23D0649D669D}.Debug|x64.Build.0 = Debug|Any CPU
		{8DF7B8B1-B27D-45BB-A765-23D0649D669D}.Debug|x86.ActiveCfg = Debug|Any CPU
		{8DF7B8B1-B27D-45BB-A765-23D0649D669D}.Debug|x86.Build.0 = Debug|Any CPU
		{8DF7B8B1-B27D-45BB-A765-23D0649D669D}.Release|Any CPU.ActiveCfg = Release|Any CPU
		{8DF7B8B1-B27D-45BB-A765-23D0649D669D}.Release|Any CPU.Build.0 = Release|Any CPU
		{8DF7B8B1-B27D-45BB-A765-23D0649D669D}.Release|ARM.ActiveCfg = Release|Any CPU
		{8DF7B8B1-B27D-45BB-A765-23D0649D669D}.Release|ARM.Build.0 = Release|Any CPU
		{8DF7B8B1-B27D-45BB-A765-23D0649D669D}.Release|x64.ActiveCfg = Release|Any CPU
		{8DF7B8B1-B27D-45BB-A765-23D0649D669D}.Release|x64.Build.0 = Release|Any CPU
		{8DF7B8B1-B27D-45BB-A765-23D0649D669D}.Release|x86.ActiveCfg = Release|Any CPU
		{8DF7B8B1-B27D-45BB-A765-23D0649D669D}.Release|x86.Build.0 = Release|Any CPU
		{8DF7B8B1-B27D-45BB-A765-23D0649D669D}.v4.0-Debug|Any CPU.ActiveCfg = Debug|Any CPU
		{8DF7B8B1-B27D-45BB-A765-23D0649D669D}.v4.0-Debug|Any CPU.Build.0 = Debug|Any CPU
		{8DF7B8B1-B27D-45BB-A765-23D0649D669D}.v4.0-Debug|ARM.ActiveCfg = Debug|Any CPU
		{8DF7B8B1-B27D-45BB-A765-23D0649D669D}.v4.0-Debug|ARM.Build.0 = Debug|Any CPU
		{8DF7B8B1-B27D-45BB-A765-23D0649D669D}.v4.0-Debug|x64.ActiveCfg = Debug|Any CPU
		{8DF7B8B1-B27D-45BB-A765-23D0649D669D}.v4.0-Debug|x64.Build.0 = Debug|Any CPU
		{8DF7B8B1-B27D-45BB-A765-23D0649D669D}.v4.0-Debug|x86.ActiveCfg = Debug|Any CPU
		{8DF7B8B1-B27D-45BB-A765-23D0649D669D}.v4.0-Debug|x86.Build.0 = Debug|Any CPU
		{8DF7B8B1-B27D-45BB-A765-23D0649D669D}.v4.0-Release|Any CPU.ActiveCfg = Release|Any CPU
		{8DF7B8B1-B27D-45BB-A765-23D0649D669D}.v4.0-Release|Any CPU.Build.0 = Release|Any CPU
		{8DF7B8B1-B27D-45BB-A765-23D0649D669D}.v4.0-Release|ARM.ActiveCfg = Release|Any CPU
		{8DF7B8B1-B27D-45BB-A765-23D0649D669D}.v4.0-Release|ARM.Build.0 = Release|Any CPU
		{8DF7B8B1-B27D-45BB-A765-23D0649D669D}.v4.0-Release|x64.ActiveCfg = Release|Any CPU
		{8DF7B8B1-B27D-45BB-A765-23D0649D669D}.v4.0-Release|x64.Build.0 = Release|Any CPU
		{8DF7B8B1-B27D-45BB-A765-23D0649D669D}.v4.0-Release|x86.ActiveCfg = Release|Any CPU
		{8DF7B8B1-B27D-45BB-A765-23D0649D669D}.v4.0-Release|x86.Build.0 = Release|Any CPU
		{6574AD54-A62E-43DA-BD2B-792D7544EB37}.Debug|Any CPU.ActiveCfg = Debug|Any CPU
		{6574AD54-A62E-43DA-BD2B-792D7544EB37}.Debug|Any CPU.Build.0 = Debug|Any CPU
		{6574AD54-A62E-43DA-BD2B-792D7544EB37}.Debug|ARM.ActiveCfg = Debug|Any CPU
		{6574AD54-A62E-43DA-BD2B-792D7544EB37}.Debug|ARM.Build.0 = Debug|Any CPU
		{6574AD54-A62E-43DA-BD2B-792D7544EB37}.Debug|x64.ActiveCfg = Debug|Any CPU
		{6574AD54-A62E-43DA-BD2B-792D7544EB37}.Debug|x64.Build.0 = Debug|Any CPU
		{6574AD54-A62E-43DA-BD2B-792D7544EB37}.Debug|x86.ActiveCfg = Debug|Any CPU
		{6574AD54-A62E-43DA-BD2B-792D7544EB37}.Debug|x86.Build.0 = Debug|Any CPU
		{6574AD54-A62E-43DA-BD2B-792D7544EB37}.Release|Any CPU.ActiveCfg = Release|Any CPU
		{6574AD54-A62E-43DA-BD2B-792D7544EB37}.Release|Any CPU.Build.0 = Release|Any CPU
		{6574AD54-A62E-43DA-BD2B-792D7544EB37}.Release|ARM.ActiveCfg = Release|Any CPU
		{6574AD54-A62E-43DA-BD2B-792D7544EB37}.Release|ARM.Build.0 = Release|Any CPU
		{6574AD54-A62E-43DA-BD2B-792D7544EB37}.Release|x64.ActiveCfg = Release|Any CPU
		{6574AD54-A62E-43DA-BD2B-792D7544EB37}.Release|x64.Build.0 = Release|Any CPU
		{6574AD54-A62E-43DA-BD2B-792D7544EB37}.Release|x86.ActiveCfg = Release|Any CPU
		{6574AD54-A62E-43DA-BD2B-792D7544EB37}.Release|x86.Build.0 = Release|Any CPU
		{6574AD54-A62E-43DA-BD2B-792D7544EB37}.v4.0-Debug|Any CPU.ActiveCfg = Debug|Any CPU
		{6574AD54-A62E-43DA-BD2B-792D7544EB37}.v4.0-Debug|Any CPU.Build.0 = Debug|Any CPU
		{6574AD54-A62E-43DA-BD2B-792D7544EB37}.v4.0-Debug|ARM.ActiveCfg = Debug|Any CPU
		{6574AD54-A62E-43DA-BD2B-792D7544EB37}.v4.0-Debug|ARM.Build.0 = Debug|Any CPU
		{6574AD54-A62E-43DA-BD2B-792D7544EB37}.v4.0-Debug|x64.ActiveCfg = Debug|Any CPU
		{6574AD54-A62E-43DA-BD2B-792D7544EB37}.v4.0-Debug|x64.Build.0 = Debug|Any CPU
		{6574AD54-A62E-43DA-BD2B-792D7544EB37}.v4.0-Debug|x86.ActiveCfg = Debug|Any CPU
		{6574AD54-A62E-43DA-BD2B-792D7544EB37}.v4.0-Debug|x86.Build.0 = Debug|Any CPU
		{6574AD54-A62E-43DA-BD2B-792D7544EB37}.v4.0-Release|Any CPU.ActiveCfg = Release|Any CPU
		{6574AD54-A62E-43DA-BD2B-792D7544EB37}.v4.0-Release|Any CPU.Build.0 = Release|Any CPU
		{6574AD54-A62E-43DA-BD2B-792D7544EB37}.v4.0-Release|ARM.ActiveCfg = Release|Any CPU
		{6574AD54-A62E-43DA-BD2B-792D7544EB37}.v4.0-Release|ARM.Build.0 = Release|Any CPU
		{6574AD54-A62E-43DA-BD2B-792D7544EB37}.v4.0-Release|x64.ActiveCfg = Release|Any CPU
		{6574AD54-A62E-43DA-BD2B-792D7544EB37}.v4.0-Release|x64.Build.0 = Release|Any CPU
		{6574AD54-A62E-43DA-BD2B-792D7544EB37}.v4.0-Release|x86.ActiveCfg = Release|Any CPU
		{6574AD54-A62E-43DA-BD2B-792D7544EB37}.v4.0-Release|x86.Build.0 = Release|Any CPU
		{F56C3FD0-1F6C-4575-9A1C-977E3C3D4FDC}.Debug|Any CPU.ActiveCfg = Debug|Any CPU
		{F56C3FD0-1F6C-4575-9A1C-977E3C3D4FDC}.Debug|Any CPU.Build.0 = Debug|Any CPU
		{F56C3FD0-1F6C-4575-9A1C-977E3C3D4FDC}.Debug|ARM.ActiveCfg = Debug|Any CPU
		{F56C3FD0-1F6C-4575-9A1C-977E3C3D4FDC}.Debug|ARM.Build.0 = Debug|Any CPU
		{F56C3FD0-1F6C-4575-9A1C-977E3C3D4FDC}.Debug|x64.ActiveCfg = Debug|Any CPU
		{F56C3FD0-1F6C-4575-9A1C-977E3C3D4FDC}.Debug|x64.Build.0 = Debug|Any CPU
		{F56C3FD0-1F6C-4575-9A1C-977E3C3D4FDC}.Debug|x86.ActiveCfg = Debug|Any CPU
		{F56C3FD0-1F6C-4575-9A1C-977E3C3D4FDC}.Debug|x86.Build.0 = Debug|Any CPU
		{F56C3FD0-1F6C-4575-9A1C-977E3C3D4FDC}.Release|Any CPU.ActiveCfg = Release|Any CPU
		{F56C3FD0-1F6C-4575-9A1C-977E3C3D4FDC}.Release|Any CPU.Build.0 = Release|Any CPU
		{F56C3FD0-1F6C-4575-9A1C-977E3C3D4FDC}.Release|ARM.ActiveCfg = Release|Any CPU
		{F56C3FD0-1F6C-4575-9A1C-977E3C3D4FDC}.Release|ARM.Build.0 = Release|Any CPU
		{F56C3FD0-1F6C-4575-9A1C-977E3C3D4FDC}.Release|x64.ActiveCfg = Release|Any CPU
		{F56C3FD0-1F6C-4575-9A1C-977E3C3D4FDC}.Release|x64.Build.0 = Release|Any CPU
		{F56C3FD0-1F6C-4575-9A1C-977E3C3D4FDC}.Release|x86.ActiveCfg = Release|Any CPU
		{F56C3FD0-1F6C-4575-9A1C-977E3C3D4FDC}.Release|x86.Build.0 = Release|Any CPU
		{F56C3FD0-1F6C-4575-9A1C-977E3C3D4FDC}.v4.0-Debug|Any CPU.ActiveCfg = Debug|Any CPU
		{F56C3FD0-1F6C-4575-9A1C-977E3C3D4FDC}.v4.0-Debug|Any CPU.Build.0 = Debug|Any CPU
		{F56C3FD0-1F6C-4575-9A1C-977E3C3D4FDC}.v4.0-Debug|ARM.ActiveCfg = Debug|Any CPU
		{F56C3FD0-1F6C-4575-9A1C-977E3C3D4FDC}.v4.0-Debug|ARM.Build.0 = Debug|Any CPU
		{F56C3FD0-1F6C-4575-9A1C-977E3C3D4FDC}.v4.0-Debug|x64.ActiveCfg = Debug|Any CPU
		{F56C3FD0-1F6C-4575-9A1C-977E3C3D4FDC}.v4.0-Debug|x64.Build.0 = Debug|Any CPU
		{F56C3FD0-1F6C-4575-9A1C-977E3C3D4FDC}.v4.0-Debug|x86.ActiveCfg = Debug|Any CPU
		{F56C3FD0-1F6C-4575-9A1C-977E3C3D4FDC}.v4.0-Debug|x86.Build.0 = Debug|Any CPU
		{F56C3FD0-1F6C-4575-9A1C-977E3C3D4FDC}.v4.0-Release|Any CPU.ActiveCfg = Release|Any CPU
		{F56C3FD0-1F6C-4575-9A1C-977E3C3D4FDC}.v4.0-Release|Any CPU.Build.0 = Release|Any CPU
		{F56C3FD0-1F6C-4575-9A1C-977E3C3D4FDC}.v4.0-Release|ARM.ActiveCfg = Release|Any CPU
		{F56C3FD0-1F6C-4575-9A1C-977E3C3D4FDC}.v4.0-Release|ARM.Build.0 = Release|Any CPU
		{F56C3FD0-1F6C-4575-9A1C-977E3C3D4FDC}.v4.0-Release|x64.ActiveCfg = Release|Any CPU
		{F56C3FD0-1F6C-4575-9A1C-977E3C3D4FDC}.v4.0-Release|x64.Build.0 = Release|Any CPU
		{F56C3FD0-1F6C-4575-9A1C-977E3C3D4FDC}.v4.0-Release|x86.ActiveCfg = Release|Any CPU
		{F56C3FD0-1F6C-4575-9A1C-977E3C3D4FDC}.v4.0-Release|x86.Build.0 = Release|Any CPU
		{C2A269DB-68B8-45F5-900B-8BE9FDBC62EB}.Debug|Any CPU.ActiveCfg = Debug|Any CPU
		{C2A269DB-68B8-45F5-900B-8BE9FDBC62EB}.Debug|Any CPU.Build.0 = Debug|Any CPU
		{C2A269DB-68B8-45F5-900B-8BE9FDBC62EB}.Debug|ARM.ActiveCfg = Debug|Any CPU
		{C2A269DB-68B8-45F5-900B-8BE9FDBC62EB}.Debug|ARM.Build.0 = Debug|Any CPU
		{C2A269DB-68B8-45F5-900B-8BE9FDBC62EB}.Debug|x64.ActiveCfg = Debug|Any CPU
		{C2A269DB-68B8-45F5-900B-8BE9FDBC62EB}.Debug|x64.Build.0 = Debug|Any CPU
		{C2A269DB-68B8-45F5-900B-8BE9FDBC62EB}.Debug|x86.ActiveCfg = Debug|Any CPU
		{C2A269DB-68B8-45F5-900B-8BE9FDBC62EB}.Debug|x86.Build.0 = Debug|Any CPU
		{C2A269DB-68B8-45F5-900B-8BE9FDBC62EB}.Release|Any CPU.ActiveCfg = Release|Any CPU
		{C2A269DB-68B8-45F5-900B-8BE9FDBC62EB}.Release|Any CPU.Build.0 = Release|Any CPU
		{C2A269DB-68B8-45F5-900B-8BE9FDBC62EB}.Release|ARM.ActiveCfg = Release|Any CPU
		{C2A269DB-68B8-45F5-900B-8BE9FDBC62EB}.Release|ARM.Build.0 = Release|Any CPU
		{C2A269DB-68B8-45F5-900B-8BE9FDBC62EB}.Release|x64.ActiveCfg = Release|Any CPU
		{C2A269DB-68B8-45F5-900B-8BE9FDBC62EB}.Release|x64.Build.0 = Release|Any CPU
		{C2A269DB-68B8-45F5-900B-8BE9FDBC62EB}.Release|x86.ActiveCfg = Release|Any CPU
		{C2A269DB-68B8-45F5-900B-8BE9FDBC62EB}.Release|x86.Build.0 = Release|Any CPU
		{C2A269DB-68B8-45F5-900B-8BE9FDBC62EB}.v4.0-Debug|Any CPU.ActiveCfg = Debug|Any CPU
		{C2A269DB-68B8-45F5-900B-8BE9FDBC62EB}.v4.0-Debug|Any CPU.Build.0 = Debug|Any CPU
		{C2A269DB-68B8-45F5-900B-8BE9FDBC62EB}.v4.0-Debug|ARM.ActiveCfg = Debug|Any CPU
		{C2A269DB-68B8-45F5-900B-8BE9FDBC62EB}.v4.0-Debug|ARM.Build.0 = Debug|Any CPU
		{C2A269DB-68B8-45F5-900B-8BE9FDBC62EB}.v4.0-Debug|x64.ActiveCfg = Debug|Any CPU
		{C2A269DB-68B8-45F5-900B-8BE9FDBC62EB}.v4.0-Debug|x64.Build.0 = Debug|Any CPU
		{C2A269DB-68B8-45F5-900B-8BE9FDBC62EB}.v4.0-Debug|x86.ActiveCfg = Debug|Any CPU
		{C2A269DB-68B8-45F5-900B-8BE9FDBC62EB}.v4.0-Debug|x86.Build.0 = Debug|Any CPU
		{C2A269DB-68B8-45F5-900B-8BE9FDBC62EB}.v4.0-Release|Any CPU.ActiveCfg = Release|Any CPU
		{C2A269DB-68B8-45F5-900B-8BE9FDBC62EB}.v4.0-Release|Any CPU.Build.0 = Release|Any CPU
		{C2A269DB-68B8-45F5-900B-8BE9FDBC62EB}.v4.0-Release|ARM.ActiveCfg = Release|Any CPU
		{C2A269DB-68B8-45F5-900B-8BE9FDBC62EB}.v4.0-Release|ARM.Build.0 = Release|Any CPU
		{C2A269DB-68B8-45F5-900B-8BE9FDBC62EB}.v4.0-Release|x64.ActiveCfg = Release|Any CPU
		{C2A269DB-68B8-45F5-900B-8BE9FDBC62EB}.v4.0-Release|x64.Build.0 = Release|Any CPU
		{C2A269DB-68B8-45F5-900B-8BE9FDBC62EB}.v4.0-Release|x86.ActiveCfg = Release|Any CPU
		{C2A269DB-68B8-45F5-900B-8BE9FDBC62EB}.v4.0-Release|x86.Build.0 = Release|Any CPU
	EndGlobalSection
	GlobalSection(SolutionProperties) = preSolution
		HideSolutionNode = FALSE
	EndGlobalSection
	GlobalSection(NestedProjects) = preSolution
		{B290C84D-50D7-4CD9-9A2E-E67DE804EB9B} = {EE5E389C-3F64-443C-A42D-BFA8D4752551}
		{3A96B61A-DC69-41CD-8394-A3BB3F3C575A} = {EE5E389C-3F64-443C-A42D-BFA8D4752551}
		{F7A07DD4-973F-4D9F-88FF-D0D0400544CF} = {59EFEB19-63D4-4DE5-82EA-47D718A98492}
		{1CB6D7CF-46CC-46D4-A739-BE6C11A47EC0} = {59EFEB19-63D4-4DE5-82EA-47D718A98492}
		{F56C3FD0-1F6C-4575-9A1C-977E3C3D4FDC} = {59EFEB19-63D4-4DE5-82EA-47D718A98492}
	EndGlobalSection
EndGlobal
